PODS:
  - flutter_gl (0.0.3):
    - FlutterMacOS
  - FlutterMacOS (1.0.0)
  - path_provider_macos (0.0.1):
    - FlutterMacOS

DEPENDENCIES:
  - flutter_gl (from `Flutter/ephemeral/.symlinks/plugins/flutter_gl/macos`)
  - FlutterMacOS (from `Flutter/ephemeral`)
  - path_provider_macos (from `Flutter/ephemeral/.symlinks/plugins/path_provider_macos/macos`)

EXTERNAL SOURCES:
  flutter_gl:
    :path: Flutter/ephemeral/.symlinks/plugins/flutter_gl/macos
  FlutterMacOS:
    :path: Flutter/ephemeral
  path_provider_macos:
    :path: Flutter/ephemeral/.symlinks/plugins/path_provider_macos/macos

SPEC CHECKSUMS:
  flutter_gl: 3e3bd7bb9eabedc4cec594db0e45dba01be57fbb
  FlutterMacOS: 57701585bf7de1b3fc2bb61f6378d73bbdea8424
  path_provider_macos: a0a3fd666cb7cd0448e936fb4abad4052961002b

PODFILE CHECKSUM: 0d3963a09fc94f580682bd88480486da345dc3f0

COCOAPODS: 1.10.1
