PODS:
  - Flutter (1.0.0)
  - flutter_gl (0.0.3):
    - Flutter
    - three3d_egl (~> 0.1.3)
  - path_provider (0.0.1):
    - Flutter
  - three3d_egl (0.1.3)

DEPENDENCIES:
  - Flutter (from `Flutter`)
  - flutter_gl (from `.symlinks/plugins/flutter_gl/ios`)
  - path_provider (from `.symlinks/plugins/path_provider/ios`)

SPEC REPOS:
  trunk:
    - three3d_egl

EXTERNAL SOURCES:
  Flutter:
    :path: Flutter
  flutter_gl:
    :path: ".symlinks/plugins/flutter_gl/ios"
  path_provider:
    :path: ".symlinks/plugins/path_provider/ios"

SPEC CHECKSUMS:
  Flutter: 50d75fe2f02b26cc09d224853bb45737f8b3214a
  flutter_gl: 5a5603f35db897697f064027864a32b15d0c421d
  path_provider: abfe2b5c733d04e238b0d8691db0cfd63a27a93c
  three3d_egl: de2cd4950ad2d5f2122166c36583bde4c812e7b5

PODFILE CHECKSUM: 8baa96de485bcb0aea5a26510e6a7160d93feee8

COCOAPODS: 1.11.2
