PODS:
  - Flutter (1.0.0)
  - flutter_gl (0.0.3):
    - Flutter
    - three3d_egl
  - path_provider (0.0.1):
    - Flutter
  - three3d_egl (0.1.0)

DEPENDENCIES:
  - Flutter (from `Flutter`)
  - flutter_gl (from `.symlinks/plugins/flutter_gl/ios`)
  - path_provider (from `.symlinks/plugins/path_provider/ios`)

SPEC REPOS:
  trunk:
    - three3d_egl

EXTERNAL SOURCES:
  Flutter:
    :path: Flutter
  flutter_gl:
    :path: ".symlinks/plugins/flutter_gl/ios"
  path_provider:
    :path: ".symlinks/plugins/path_provider/ios"

SPEC CHECKSUMS:
  Flutter: 434fef37c0980e73bb6479ef766c45957d4b510c
  flutter_gl: 7817e87166236ace3f403437c5b204ff7d7c7a83
  path_provider: abfe2b5c733d04e238b0d8691db0cfd63a27a93c
  three3d_egl: 717745bf7ffb05be0e466a66513a6ecc1278bb1a

PODFILE CHECKSUM: 81af436a2f4bce19f519fb3a3fa422ca90803344

COCOAPODS: 1.10.1
